// !$*UTF8*$!
{
	archiveVersion = 1;
	classes = {
	};
	objectVersion = 56;
	objects = {

/* Begin PBXBuildFile section */
		A1000001000000000000001 /* onykrouaApp.swift in Sources */ = {isa = PBXBuildFile; fileRef = A1000002000000000000001 /* onykrouaApp.swift */; };
		A1000003000000000000001 /* ContentView.swift in Sources */ = {isa = PBXBuildFile; fileRef = A1000004000000000000001 /* ContentView.swift */; };
		A1000005000000000000001 /* Assets.xcassets in Resources */ = {isa = PBXBuildFile; fileRef = A1000006000000000000001 /* Assets.xcassets */; };
		E02D54672F16B22000F31467 /* vocabulary_it.json in Resources */ = {isa = PBXBuildFile; fileRef = E02D54662F16B22000F31467 /* vocabulary_it.json */; };
		E02D54D42F16BFD300F31467 /* VocabularyModels.swift in Sources */ = {isa = PBXBuildFile; fileRef = E02D54D22F16BFD300F31467 /* VocabularyModels.swift */; };
		E02D54D82F16BFD500F31467 /* ProgressTracker.swift in Sources */ = {isa = PBXBuildFile; fileRef = E02D54D52F16BFD500F31467 /* ProgressTracker.swift */; };
		E02D54D92F16BFD500F31467 /* SpeechService.swift in Sources */ = {isa = PBXBuildFile; fileRef = E02D54D62F16BFD500F31467 /* SpeechService.swift */; };
		E02D54E42F16C41A00F31467 /* ConversationView.swift in Sources */ = {isa = PBXBuildFile; fileRef = E02D54DB2F16C41A00F31467 /* ConversationView.swift */; };
		E02D54E62F16C41A00F31467 /* GrammarView.swift in Sources */ = {isa = PBXBuildFile; fileRef = E02D54DF2F16C41A00F31467 /* GrammarView.swift */; };
		E02D54E72F16C41A00F31467 /* GeminiLiveView.swift in Sources */ = {isa = PBXBuildFile; fileRef = E02D54DE2F16C41A00F31467 /* GeminiLiveView.swift */; };
		E02D54E82F16C41A00F31467 /* ProfileView.swift in Sources */ = {isa = PBXBuildFile; fileRef = E02D54E12F16C41A00F31467 /* ProfileView.swift */; };
		E02D54E92F16C41A00F31467 /* FeedView.swift in Sources */ = {isa = PBXBuildFile; fileRef = E02D54DD2F16C41A00F31467 /* FeedView.swift */; };
		E02D54EA2F16C41A00F31467 /* ConjugationView.swift in Sources */ = {isa = PBXBuildFile; fileRef = E02D54DA2F16C41A00F31467 /* ConjugationView.swift */; };
		E02D54EB2F16C41A00F31467 /* PhoneticView.swift in Sources */ = {isa = PBXBuildFile; fileRef = E02D54E02F16C41A00F31467 /* PhoneticView.swift */; };
		E02D54EE2F16C9E200F31467 /* FeedService.swift in Sources */ = {isa = PBXBuildFile; fileRef = E02D54ED2F16C9E200F31467 /* FeedService.swift */; };
		E02D54F22F16C9EF00F31467 /* ConversationModels.swift in Sources */ = {isa = PBXBuildFile; fileRef = E02D54EF2F16C9EF00F31467 /* ConversationModels.swift */; };
		E02D54F32F16C9EF00F31467 /* FeedModels.swift in Sources */ = {isa = PBXBuildFile; fileRef = E02D54F12F16C9EF00F31467 /* FeedModels.swift */; };
		E02D54F42F16C9EF00F31467 /* EmojiModels.swift in Sources */ = {isa = PBXBuildFile; fileRef = E02D54F02F16C9EF00F31467 /* EmojiModels.swift */; };
		E02D54F62F16CBAF00F31467 /* GrammarData.swift in Sources */ = {isa = PBXBuildFile; fileRef = E02D54F52F16CBAF00F31467 /* GrammarData.swift */; };
		E02D55032F16D00400F31467 /* VerbData.swift in Sources */ = {isa = PBXBuildFile; fileRef = E02D55022F16D00400F31467 /* VerbData.swift */; };
		E02D55092F16D2C800F31467 /* DictionaryTab.swift in Sources */ = {isa = PBXBuildFile; fileRef = E02D55052F16D2C800F31467 /* DictionaryTab.swift */; };
		E02D550A2F16D2C800F31467 /* CategoriesTab.swift in Sources */ = {isa = PBXBuildFile; fileRef = E02D55042F16D2C800F31467 /* CategoriesTab.swift */; };
		E02D550C2F16D2D400F31467 /* VocabularyDataManager.swift in Sources */ = {isa = PBXBuildFile; fileRef = E02D550B2F16D2D400F31467 /* VocabularyDataManager.swift */; };
		E02D550E2F16D43600F31467 /* VocabularyPracticeTab.swift in Sources */ = {isa = PBXBuildFile; fileRef = E02D550D2F16D43600F31467 /* VocabularyPracticeTab.swift */; };
		E02D55102F16D88600F31467 /* vocabulary_es.json in Resources */ = {isa = PBXBuildFile; fileRef = E02D550F2F16D88600F31467 /* vocabulary_es.json */; };
		E02D55192F16DB7D00F31467 /* GrammarDataManager.swift in Sources */ = {isa = PBXBuildFile; fileRef = E02D55182F16DB7D00F31467 /* GrammarDataManager.swift */; };
		E02D551B2F16DB9B00F31467 /* GrammarModels.swift in Sources */ = {isa = PBXBuildFile; fileRef = E02D551A2F16DB9B00F31467 /* GrammarModels.swift */; };
		E02D55262F16E25500F31467 /* Constants.swift in Sources */ = {isa = PBXBuildFile; fileRef = E02D55222F16E25500F31467 /* Constants.swift */; };
		E02D55292F16E4ED00F31467 /* SharedComponents.swift in Sources */ = {isa = PBXBuildFile; fileRef = E02D55272F16E4ED00F31467 /* SharedComponents.swift */; };
		E02D552B2F18520700F31467 /* AppEnvironment.swift in Sources */ = {isa = PBXBuildFile; fileRef = E02D552A2F18520700F31467 /* AppEnvironment.swift */; };
		E02D552D2F18520B00F31467 /* ErrorManager.swift in Sources */ = {isa = PBXBuildFile; fileRef = E02D552C2F18520B00F31467 /* ErrorManager.swift */; };
		E02D552F2F18521400F31467 /* ErrorView.swift in Sources */ = {isa = PBXBuildFile; fileRef = E02D552E2F18521400F31467 /* ErrorView.swift */; };
		E02D55312F18521800F31467 /* LoadingScreen.swift in Sources */ = {isa = PBXBuildFile; fileRef = E02D55302F18521800F31467 /* LoadingScreen.swift */; };
		E02D55362F18565200F31467 /* VocabularyWord+Model.swift in Sources */ = {isa = PBXBuildFile; fileRef = E02D55342F18565200F31467 /* VocabularyWord+Model.swift */; };
		E02D55372F18565200F31467 /* UserProgress+Model.swift in Sources */ = {isa = PBXBuildFile; fileRef = E02D55332F18565200F31467 /* UserProgress+Model.swift */; };
		E02D55382F18565200F31467 /* GrammarRule+Model.swift in Sources */ = {isa = PBXBuildFile; fileRef = E02D55322F18565200F31467 /* GrammarRule+Model.swift */; };
		E02D553A2F18566C00F31467 /* VocabularyPersistenceManager.swift in Sources */ = {isa = PBXBuildFile; fileRef = E02D55392F18566C00F31467 /* VocabularyPersistenceManager.swift */; };
		E02D553C2F18567200F31467 /* CrashReportingService.swift in Sources */ = {isa = PBXBuildFile; fileRef = E02D553B2F18567200F31467 /* CrashReportingService.swift */; };
		E02D553E2F18568900F31467 /* ProgressPersistenceManager.swift in Sources */ = {isa = PBXBuildFile; fileRef = E02D553D2F18568900F31467 /* ProgressPersistenceManager.swift */; };
		E02D55402F1856C800F31467 /* NetworkMonitor.swift in Sources */ = {isa = PBXBuildFile; fileRef = E02D553F2F1856C800F31467 /* NetworkMonitor.swift */; };
		E02D55442F1857F700F31467 /* SyncStatusView.swift in Sources */ = {isa = PBXBuildFile; fileRef = E02D55432F1857F700F31467 /* SyncStatusView.swift */; };
		E02D55462F18597200F31467 /* EmptyStateView.swift in Sources */ = {isa = PBXBuildFile; fileRef = E02D55452F18597200F31467 /* EmptyStateView.swift */; };
		E02D55482F18597C00F31467 /* NetworkStatusViews.swift in Sources */ = {isa = PBXBuildFile; fileRef = E02D55472F18597C00F31467 /* NetworkStatusViews.swift */; };
		E02D554E2F1859AC00F31467 /* AdvancedSearchView.swift in Sources */ = {isa = PBXBuildFile; fileRef = E02D554C2F1859AC00F31467 /* AdvancedSearchView.swift */; };
		E02D55532F185CDF00F31467 /* OnboardingView.swift in Sources */ = {isa = PBXBuildFile; fileRef = E02D55522F185CDF00F31467 /* OnboardingView.swift */; };
		E02D55572F185E0600F31467 /* AppleSignInManager.swift in Sources */ = {isa = PBXBuildFile; fileRef = E02D55562F185E0600F31467 /* AppleSignInManager.swift */; };
		E02D55592F185E0F00F31467 /* FirebaseManager.swift in Sources */ = {isa = PBXBuildFile; fileRef = E02D55582F185E0F00F31467 /* FirebaseManager.swift */; };
		E02D555C2F185E3800F31467 /* LoginView.swift in Sources */ = {isa = PBXBuildFile; fileRef = E02D555A2F185E3800F31467 /* LoginView.swift */; };
		E02D555F2F185F5800F31467 /* FirebaseAnalytics in Frameworks */ = {isa = PBXBuildFile; productRef = E02D555E2F185F5800F31467 /* FirebaseAnalytics */; };
		E02D55612F185F5800F31467 /* FirebaseAuth in Frameworks */ = {isa = PBXBuildFile; productRef = E02D55602F185F5800F31467 /* FirebaseAuth */; };
		E02D55632F185F5800F31467 /* FirebaseCore in Frameworks */ = {isa = PBXBuildFile; productRef = E02D55622F185F5800F31467 /* FirebaseCore */; };
		E02D55652F185F5800F31467 /* FirebaseDatabase in Frameworks */ = {isa = PBXBuildFile; productRef = E02D55642F185F5800F31467 /* FirebaseDatabase */; };
		E02D55672F18635F00F31467 /* EmailSignInView.swift in Sources */ = {isa = PBXBuildFile; fileRef = E02D55662F18635F00F31467 /* EmailSignInView.swift */; };
		E02D556A2F1868DB00F31467 /* CEFRLevel.swift in Sources */ = {isa = PBXBuildFile; fileRef = E02D55692F1868DB00F31467 /* CEFRLevel.swift */; };
		E02D556B2F1868DB00F31467 /* Achievement.swift in Sources */ = {isa = PBXBuildFile; fileRef = E02D55682F1868DB00F31467 /* Achievement.swift */; };
		E02D556D2F1868E000F31467 /* UserProgress.swift in Sources */ = {isa = PBXBuildFile; fileRef = E02D556C2F1868E000F31467 /* UserProgress.swift */; };
		E02D556F2F1868ED00F31467 /* OnboardingData.swift in Sources */ = {isa = PBXBuildFile; fileRef = E02D556E2F1868ED00F31467 /* OnboardingData.swift */; };
		E02D55712F18693900F31467 /* AnalyticsService.swift in Sources */ = {isa = PBXBuildFile; fileRef = E02D55702F18693900F31467 /* AnalyticsService.swift */; };
		E02D55732F18694200F31467 /* GamificationManager.swift in Sources */ = {isa = PBXBuildFile; fileRef = E02D55722F18694200F31467 /* GamificationManager.swift */; };
		E02D55752F18694B00F31467 /* NotificationManager.swift in Sources */ = {isa = PBXBuildFile; fileRef = E02D55742F18694B00F31467 /* NotificationManager.swift */; };
		E02D55792F18698E00F31467 /* WelcomeScreen.swift in Sources */ = {isa = PBXBuildFile; fileRef = E02D55782F18698E00F31467 /* WelcomeScreen.swift */; };
		E02D557A2F18698E00F31467 /* PermissionsScreen.swift in Sources */ = {isa = PBXBuildFile; fileRef = E02D55762F18698E00F31467 /* PermissionsScreen.swift */; };
		E02D557B2F18698E00F31467 /* RhythmSelectionScreen.swift in Sources */ = {isa = PBXBuildFile; fileRef = E02D55772F18698E00F31467 /* RhythmSelectionScreen.swift */; };
		E02D55802F18699300F31467 /* OnboardingContainerView.swift in Sources */ = {isa = PBXBuildFile; fileRef = E02D557F2F18699300F31467 /* OnboardingContainerView.swift */; };
		E02D55812F18699300F31467 /* GoalSelectionScreen.swift in Sources */ = {isa = PBXBuildFile; fileRef = E02D557C2F18699300F31467 /* GoalSelectionScreen.swift */; };
		E02D55822F18699300F31467 /* LanguageSelectionScreen.swift in Sources */ = {isa = PBXBuildFile; fileRef = E02D557D2F18699300F31467 /* LanguageSelectionScreen.swift */; };
		E02D55832F18699300F31467 /* LevelSelectionScreen.swift in Sources */ = {isa = PBXBuildFile; fileRef = E02D557E2F18699300F31467 /* LevelSelectionScreen.swift */; };
		E02D55852F1869AE00F31467 /* XPGainAnimationView.swift in Sources */ = {isa = PBXBuildFile; fileRef = E02D55842F1869AE00F31467 /* XPGainAnimationView.swift */; };
		E02D55872F1869DC00F31467 /* StreakWidget.swift in Sources */ = {isa = PBXBuildFile; fileRef = E02D55862F1869DC00F31467 /* StreakWidget.swift */; };
		E02D558A2F1869EE00F31467 /* AchievementsView.swift in Sources */ = {isa = PBXBuildFile; fileRef = E02D55882F1869EE00F31467 /* AchievementsView.swift */; };
		E02D558E2F186A0D00F31467 /* ProgressDashboardView.swift in Sources */ = {isa = PBXBuildFile; fileRef = E02D558C2F186A0D00F31467 /* ProgressDashboardView.swift */; };
		E02D55912F186AE500F31467 /* LevelAssessmentService.swift in Sources */ = {isa = PBXBuildFile; fileRef = E02D55902F186AE500F31467 /* LevelAssessmentService.swift */; };
		E02D55952F186B0B00F31467 /* VocabularyView_Enhanced.swift in Sources */ = {isa = PBXBuildFile; fileRef = E02D55942F186B0B00F31467 /* VocabularyView_Enhanced.swift */; };
		E02D55982F1992DC00F31467 /* FirebaseFirestore in Frameworks */ = {isa = PBXBuildFile; productRef = E02D55972F1992DC00F31467 /* FirebaseFirestore */; };
		E02D559E2F199CA900F31467 /* VocabularyLearnedTab.swift in Sources */ = {isa = PBXBuildFile; fileRef = E02D559D2F199CA900F31467 /* VocabularyLearnedTab.swift */; };
		E02D55A02F19A44F00F31467 /* LearnedWordsManager.swift in Sources */ = {isa = PBXBuildFile; fileRef = E02D559F2F19A44F00F31467 /* LearnedWordsManager.swift */; };
		E02D55A32F1A4A8300F31467 /* GoogleSignIn in Frameworks */ = {isa = PBXBuildFile; productRef = E02D55A22F1A4A8300F31467 /* GoogleSignIn */; };
		E02D55A52F1A4A8300F31467 /* GoogleSignInSwift in Frameworks */ = {isa = PBXBuildFile; productRef = E02D55A42F1A4A8300F31467 /* GoogleSignInSwift */; };
		E02D55A72F1A4BF200F31467 /* GoogleService-Info.plist in Resources */ = {isa = PBXBuildFile; fileRef = E02D55A62F1A4BF200F31467 /* GoogleService-Info.plist */; };
		E02D55AA2F1A4D2D00F31467 /* SignInWithGoogleButton.swift in Sources */ = {isa = PBXBuildFile; fileRef = E02D55A92F1A4D2D00F31467 /* SignInWithGoogleButton.swift */; };
		E02D55AC2F1A525400F31467 /* EmojiView_Enhanced.swift in Sources */ = {isa = PBXBuildFile; fileRef = E02D55AB2F1A525400F31467 /* EmojiView_Enhanced.swift */; };
		E02D55AE2F1A58DD00F31467 /* TodayContentView.swift in Sources */ = {isa = PBXBuildFile; fileRef = E02D55AD2F1A58DD00F31467 /* TodayContentView.swift */; };
		E02D55B32F1A590900F31467 /* DailySessionService.swift in Sources */ = {isa = PBXBuildFile; fileRef = E02D55B22F1A590900F31467 /* DailySessionService.swift */; };
		E02D55B52F1A591300F31467 /* LearningPathManager.swift in Sources */ = {isa = PBXBuildFile; fileRef = E02D55B42F1A591300F31467 /* LearningPathManager.swift */; };
		E02D55B72F1A592100F31467 /* RecommendationEngine.swift in Sources */ = {isa = PBXBuildFile; fileRef = E02D55B62F1A592100F31467 /* RecommendationEngine.swift */; };
		E02D55BD2F1A5F8400F31467 /* LearningPathView.swift in Sources */ = {isa = PBXBuildFile; fileRef = E02D55BB2F1A5F8400F31467 /* LearningPathView.swift */; };
		E02D55BF2F1A60ED00F31467 /* AdaptiveReviewSystem.swift in Sources */ = {isa = PBXBuildFile; fileRef = E02D55BE2F1A60ED00F31467 /* AdaptiveReviewSystem.swift */; };
		E02D55C12F1A612900F31467 /* Recommendation.swift in Sources */ = {isa = PBXBuildFile; fileRef = E02D55C02F1A612900F31467 /* Recommendation.swift */; };
		E02D55C32F1A614A00F31467 /* LearningPath.swift in Sources */ = {isa = PBXBuildFile; fileRef = E02D55C22F1A614A00F31467 /* LearningPath.swift */; };
		E02D55C52F1A614E00F31467 /* DailySession.swift in Sources */ = {isa = PBXBuildFile; fileRef = E02D55C42F1A614E00F31467 /* DailySession.swift */; };
		E02D55C72F1A62DE00F31467 /* DashboardComponents.swift in Sources */ = {isa = PBXBuildFile; fileRef = E02D55C62F1A62DE00F31467 /* DashboardComponents.swift */; };
		E02D55CB2F1A636800F31467 /* AppRootView.swift in Sources */ = {isa = PBXBuildFile; fileRef = E02D55CA2F1A636800F31467 /* AppRootView.swift */; };
		E02D55DF2F1A63CE00F31467 /* FillInTheBlankView.swift in Sources */ = {isa = PBXBuildFile; fileRef = E02D55D92F1A63CE00F31467 /* FillInTheBlankView.swift */; };
		E02D55E02F1A63CE00F31467 /* FlashcardView.swift in Sources */ = {isa = PBXBuildFile; fileRef = E02D55DA2F1A63CE00F31467 /* FlashcardView.swift */; };
		E02D55E12F1A63CE00F31467 /* MatchingExerciseView.swift in Sources */ = {isa = PBXBuildFile; fileRef = E02D55DB2F1A63CE00F31467 /* MatchingExerciseView.swift */; };
		E02D55E22F1A63CE00F31467 /* PracticeHubView.swift in Sources */ = {isa = PBXBuildFile; fileRef = E02D55DC2F1A63CE00F31467 /* PracticeHubView.swift */; };
		E02D55E32F1A63CE00F31467 /* ReviewSessionView.swift in Sources */ = {isa = PBXBuildFile; fileRef = E02D55DD2F1A63CE00F31467 /* ReviewSessionView.swift */; };
		E02D55E62F1A63E300F31467 /* InsightsView.swift in Sources */ = {isa = PBXBuildFile; fileRef = E02D55E42F1A63E300F31467 /* InsightsView.swift */; };
		E02D55EA2F1A63F400F31467 /* QuizSelectionView.swift in Sources */ = {isa = PBXBuildFile; fileRef = E02D55E82F1A63F300F31467 /* QuizSelectionView.swift */; };
		E02D55EB2F1A63F400F31467 /* QuizGameView.swift in Sources */ = {isa = PBXBuildFile; fileRef = E02D55E72F1A63F300F31467 /* QuizGameView.swift */; };
		E02D55ED2F1A65FD00F31467 /* AdvancedAnalyticsService.swift in Sources */ = {isa = PBXBuildFile; fileRef = E02D55EC2F1A65FD00F31467 /* AdvancedAnalyticsService.swift */; };
		E02D55F12F1A685C00F31467 /* Extensions.swift in Sources */ = {isa = PBXBuildFile; fileRef = E02D55EF2F1A685C00F31467 /* Extensions.swift */; };
		E02D55F42F1A73EF00F31467 /* ExerciseModels.swift in Sources */ = {isa = PBXBuildFile; fileRef = E02D55F32F1A73EF00F31467 /* ExerciseModels.swift */; };
		E02D55F62F1A740800F31467 /* QuizModels.swift in Sources */ = {isa = PBXBuildFile; fileRef = E02D55F52F1A740800F31467 /* QuizModels.swift */; };
		E02D55F82F1A7B2700F31467 /* LearningPathComponents.swift in Sources */ = {isa = PBXBuildFile; fileRef = E02D55F72F1A7B2700F31467 /* LearningPathComponents.swift */; };
		E02D55FA2F1A999E00F31467 /* MainTabView_Legacy.swift in Sources */ = {isa = PBXBuildFile; fileRef = E02D55F92F1A999E00F31467 /* MainTabView_Legacy.swift */; };
		E02D55FC2F1A99A600F31467 /* TodayContentView.swift in Sources */ = {isa = PBXBuildFile; fileRef = E02D55FB2F1A99A600F31467 /* TodayContentView.swift */; };
		E02D55FE2F1A9EB500F31467 /* QuizStatistics.swift in Sources */ = {isa = PBXBuildFile; fileRef = E02D55FD2F1A9EB500F31467 /* QuizStatistics.swift */; };
		E02D56012F1AB31D00F31467 /* SyncDebugView.swift in Sources */ = {isa = PBXBuildFile; fileRef = E02D55FF2F1AB31D00F31467 /* SyncDebugView.swift */; };
		E02D56082F1AB32E00F31467 /* RepositoryError.swift in Sources */ = {isa = PBXBuildFile; fileRef = E02D56052F1AB32E00F31467 /* RepositoryError.swift */; };
		E02D56092F1AB32E00F31467 /* AchievementRepository.swift in Sources */ = {isa = PBXBuildFile; fileRef = E02D56022F1AB32E00F31467 /* AchievementRepository.swift */; };
		E02D560A2F1AB32E00F31467 /* CloudSyncEngine.swift in Sources */ = {isa = PBXBuildFile; fileRef = E02D56032F1AB32E00F31467 /* CloudSyncEngine.swift */; };
		E02D560B2F1AB32E00F31467 /* ProgressRepository.swift in Sources */ = {isa = PBXBuildFile; fileRef = E02D56042F1AB32E00F31467 /* ProgressRepository.swift */; };
		E02D560C2F1AB32E00F31467 /* VocabRepository.swift in Sources */ = {isa = PBXBuildFile; fileRef = E02D56062F1AB32E00F31467 /* VocabRepository.swift */; };
		E02D56102F1AB33900F31467 /* CacheModels.swift in Sources */ = {isa = PBXBuildFile; fileRef = E02D560D2F1AB33900F31467 /* CacheModels.swift */; };
		E02D56112F1AB33900F31467 /* FirebaseDTOs.swift in Sources */ = {isa = PBXBuildFile; fileRef = E02D560E2F1AB33900F31467 /* FirebaseDTOs.swift */; };
		E02D56132F1AD51500F31467 /* GamificationSyncManager.swift in Sources */ = {isa = PBXBuildFile; fileRef = E02D56122F1AD51500F31467 /* GamificationSyncManager.swift */; };
		E02D56162F1ADD5600F31467 /* OnykrouaUI.swift in Sources */ = {isa = PBXBuildFile; fileRef = E02D56142F1ADD5600F31467 /* OnykrouaUI.swift */; };
/* End PBXBuildFile section */

/* Begin PBXFileReference section */
		A1000002000000000000001 /* onykrouaApp.swift */ = {isa = PBXFileReference; lastKnownFileType = sourcecode.swift; path = onykrouaApp.swift; sourceTree = "<group>"; };
		A1000004000000000000001 /* ContentView.swift */ = {isa = PBXFileReference; lastKnownFileType = sourcecode.swift; path = ContentView.swift; sourceTree = "<group>"; };
		A1000006000000000000001 /* Assets.xcassets */ = {isa = PBXFileReference; lastKnownFileType = folder.assetcatalog; path = Assets.xcassets; sourceTree = "<group>"; };
		A1000007000000000000001 /* onykroua.app */ = {isa = PBXFileReference; explicitFileType = wrapper.application; includeInIndex = 0; path = onykroua.app; sourceTree = BUILT_PRODUCTS_DIR; };
		E02D54662F16B22000F31467 /* vocabulary_it.json */ = {isa = PBXFileReference; lastKnownFileType = text.json; path = vocabulary_it.json; sourceTree = "<group>"; };
		E02D54D22F16BFD300F31467 /* VocabularyModels.swift */ = {isa = PBXFileReference; lastKnownFileType = sourcecode.swift; path = VocabularyModels.swift; sourceTree = "<group>"; };
		E02D54D52F16BFD500F31467 /* ProgressTracker.swift */ = {isa = PBXFileReference; lastKnownFileType = sourcecode.swift; path = ProgressTracker.swift; sourceTree = "<group>"; };
		E02D54D62F16BFD500F31467 /* SpeechService.swift */ = {isa = PBXFileReference; lastKnownFileType = sourcecode.swift; path = SpeechService.swift; sourceTree = "<group>"; };
		E02D54DA2F16C41A00F31467 /* ConjugationView.swift */ = {isa = PBXFileReference; lastKnownFileType = sourcecode.swift; path = ConjugationView.swift; sourceTree = "<group>"; };
		E02D54DB2F16C41A00F31467 /* ConversationView.swift */ = {isa = PBXFileReference; lastKnownFileType = sourcecode.swift; path = ConversationView.swift; sourceTree = "<group>"; };
		E02D54DD2F16C41A00F31467 /* FeedView.swift */ = {isa = PBXFileReference; lastKnownFileType = sourcecode.swift; path = FeedView.swift; sourceTree = "<group>"; };
		E02D54DE2F16C41A00F31467 /* GeminiLiveView.swift */ = {isa = PBXFileReference; lastKnownFileType = sourcecode.swift; path = GeminiLiveView.swift; sourceTree = "<group>"; };
		E02D54DF2F16C41A00F31467 /* GrammarView.swift */ = {isa = PBXFileReference; lastKnownFileType = sourcecode.swift; path = GrammarView.swift; sourceTree = "<group>"; };
		E02D54E02F16C41A00F31467 /* PhoneticView.swift */ = {isa = PBXFileReference; lastKnownFileType = sourcecode.swift; path = PhoneticView.swift; sourceTree = "<group>"; };
		E02D54E12F16C41A00F31467 /* ProfileView.swift */ = {isa = PBXFileReference; lastKnownFileType = sourcecode.swift; path = ProfileView.swift; sourceTree = "<group>"; };
		E02D54ED2F16C9E200F31467 /* FeedService.swift */ = {isa = PBXFileReference; lastKnownFileType = sourcecode.swift; path = FeedService.swift; sourceTree = "<group>"; };
		E02D54EF2F16C9EF00F31467 /* ConversationModels.swift */ = {isa = PBXFileReference; lastKnownFileType = sourcecode.swift; path = ConversationModels.swift; sourceTree = "<group>"; };
		E02D54F02F16C9EF00F31467 /* EmojiModels.swift */ = {isa = PBXFileReference; lastKnownFileType = sourcecode.swift; path = EmojiModels.swift; sourceTree = "<group>"; };
		E02D54F12F16C9EF00F31467 /* FeedModels.swift */ = {isa = PBXFileReference; lastKnownFileType = sourcecode.swift; path = FeedModels.swift; sourceTree = "<group>"; };
		E02D54F52F16CBAF00F31467 /* GrammarData.swift */ = {isa = PBXFileReference; lastKnownFileType = sourcecode.swift; path = GrammarData.swift; sourceTree = "<group>"; };
		E02D55022F16D00400F31467 /* VerbData.swift */ = {isa = PBXFileReference; lastKnownFileType = sourcecode.swift; path = VerbData.swift; sourceTree = "<group>"; };
		E02D55042F16D2C800F31467 /* CategoriesTab.swift */ = {isa = PBXFileReference; lastKnownFileType = sourcecode.swift; path = CategoriesTab.swift; sourceTree = "<group>"; };
		E02D55052F16D2C800F31467 /* DictionaryTab.swift */ = {isa = PBXFileReference; lastKnownFileType = sourcecode.swift; path = DictionaryTab.swift; sourceTree = "<group>"; };
		E02D550B2F16D2D400F31467 /* VocabularyDataManager.swift */ = {isa = PBXFileReference; lastKnownFileType = sourcecode.swift; path = VocabularyDataManager.swift; sourceTree = "<group>"; };
		E02D550D2F16D43600F31467 /* VocabularyPracticeTab.swift */ = {isa = PBXFileReference; lastKnownFileType = sourcecode.swift; path = VocabularyPracticeTab.swift; sourceTree = "<group>"; };
		E02D550F2F16D88600F31467 /* vocabulary_es.json */ = {isa = PBXFileReference; lastKnownFileType = text.json; path = vocabulary_es.json; sourceTree = "<group>"; };
		E02D55182F16DB7D00F31467 /* GrammarDataManager.swift */ = {isa = PBXFileReference; lastKnownFileType = sourcecode.swift; path = GrammarDataManager.swift; sourceTree = "<group>"; };
		E02D551A2F16DB9B00F31467 /* GrammarModels.swift */ = {isa = PBXFileReference; lastKnownFileType = sourcecode.swift; path = GrammarModels.swift; sourceTree = "<group>"; };
		E02D55222F16E25500F31467 /* Constants.swift */ = {isa = PBXFileReference; lastKnownFileType = sourcecode.swift; path = Constants.swift; sourceTree = "<group>"; };
		E02D55272F16E4ED00F31467 /* SharedComponents.swift */ = {isa = PBXFileReference; lastKnownFileType = sourcecode.swift; path = SharedComponents.swift; sourceTree = "<group>"; };
		E02D552A2F18520700F31467 /* AppEnvironment.swift */ = {isa = PBXFileReference; lastKnownFileType = sourcecode.swift; path = AppEnvironment.swift; sourceTree = "<group>"; };
		E02D552C2F18520B00F31467 /* ErrorManager.swift */ = {isa = PBXFileReference; lastKnownFileType = sourcecode.swift; path = ErrorManager.swift; sourceTree = "<group>"; };
		E02D552E2F18521400F31467 /* ErrorView.swift */ = {isa = PBXFileReference; lastKnownFileType = sourcecode.swift; path = ErrorView.swift; sourceTree = "<group>"; };
		E02D55302F18521800F31467 /* LoadingScreen.swift */ = {isa = PBXFileReference; lastKnownFileType = sourcecode.swift; path = LoadingScreen.swift; sourceTree = "<group>"; };
		E02D55322F18565200F31467 /* GrammarRule+Model.swift */ = {isa = PBXFileReference; lastKnownFileType = sourcecode.swift; path = "GrammarRule+Model.swift"; sourceTree = "<group>"; };
		E02D55332F18565200F31467 /* UserProgress+Model.swift */ = {isa = PBXFileReference; lastKnownFileType = sourcecode.swift; path = "UserProgress+Model.swift"; sourceTree = "<group>"; };
		E02D55342F18565200F31467 /* VocabularyWord+Model.swift */ = {isa = PBXFileReference; lastKnownFileType = sourcecode.swift; path = "VocabularyWord+Model.swift"; sourceTree = "<group>"; };
		E02D55392F18566C00F31467 /* VocabularyPersistenceManager.swift */ = {isa = PBXFileReference; lastKnownFileType = sourcecode.swift; path = VocabularyPersistenceManager.swift; sourceTree = "<group>"; };
		E02D553B2F18567200F31467 /* CrashReportingService.swift */ = {isa = PBXFileReference; lastKnownFileType = sourcecode.swift; path = CrashReportingService.swift; sourceTree = "<group>"; };
		E02D553D2F18568900F31467 /* ProgressPersistenceManager.swift */ = {isa = PBXFileReference; lastKnownFileType = sourcecode.swift; path = ProgressPersistenceManager.swift; sourceTree = "<group>"; };
		E02D553F2F1856C800F31467 /* NetworkMonitor.swift */ = {isa = PBXFileReference; lastKnownFileType = sourcecode.swift; path = NetworkMonitor.swift; sourceTree = "<group>"; };
		E02D55432F1857F700F31467 /* SyncStatusView.swift */ = {isa = PBXFileReference; lastKnownFileType = sourcecode.swift; path = SyncStatusView.swift; sourceTree = "<group>"; };
		E02D55452F18597200F31467 /* EmptyStateView.swift */ = {isa = PBXFileReference; lastKnownFileType = sourcecode.swift; path = EmptyStateView.swift; sourceTree = "<group>"; };
		E02D55472F18597C00F31467 /* NetworkStatusViews.swift */ = {isa = PBXFileReference; lastKnownFileType = sourcecode.swift; path = NetworkStatusViews.swift; sourceTree = "<group>"; };
		E02D554C2F1859AC00F31467 /* AdvancedSearchView.swift */ = {isa = PBXFileReference; lastKnownFileType = sourcecode.swift; path = AdvancedSearchView.swift; sourceTree = "<group>"; };
		E02D55522F185CDF00F31467 /* OnboardingView.swift */ = {isa = PBXFileReference; lastKnownFileType = sourcecode.swift; path = OnboardingView.swift; sourceTree = "<group>"; };
		E02D55562F185E0600F31467 /* AppleSignInManager.swift */ = {isa = PBXFileReference; lastKnownFileType = sourcecode.swift; path = AppleSignInManager.swift; sourceTree = "<group>"; };
		E02D55582F185E0F00F31467 /* FirebaseManager.swift */ = {isa = PBXFileReference; lastKnownFileType = sourcecode.swift; path = FirebaseManager.swift; sourceTree = "<group>"; };
		E02D555A2F185E3800F31467 /* LoginView.swift */ = {isa = PBXFileReference; lastKnownFileType = sourcecode.swift; path = LoginView.swift; sourceTree = "<group>"; };
		E02D55662F18635F00F31467 /* EmailSignInView.swift */ = {isa = PBXFileReference; lastKnownFileType = sourcecode.swift; path = EmailSignInView.swift; sourceTree = "<group>"; };
		E02D55682F1868DB00F31467 /* Achievement.swift */ = {isa = PBXFileReference; lastKnownFileType = sourcecode.swift; path = Achievement.swift; sourceTree = "<group>"; };
		E02D55692F1868DB00F31467 /* CEFRLevel.swift */ = {isa = PBXFileReference; lastKnownFileType = sourcecode.swift; path = CEFRLevel.swift; sourceTree = "<group>"; };
		E02D556C2F1868E000F31467 /* UserProgress.swift */ = {isa = PBXFileReference; lastKnownFileType = sourcecode.swift; path = UserProgress.swift; sourceTree = "<group>"; };
		E02D556E2F1868ED00F31467 /* OnboardingData.swift */ = {isa = PBXFileReference; lastKnownFileType = sourcecode.swift; path = OnboardingData.swift; sourceTree = "<group>"; };
		E02D55702F18693900F31467 /* AnalyticsService.swift */ = {isa = PBXFileReference; lastKnownFileType = sourcecode.swift; path = AnalyticsService.swift; sourceTree = "<group>"; };
		E02D55722F18694200F31467 /* GamificationManager.swift */ = {isa = PBXFileReference; lastKnownFileType = sourcecode.swift; path = GamificationManager.swift; sourceTree = "<group>"; };
		E02D55742F18694B00F31467 /* NotificationManager.swift */ = {isa = PBXFileReference; lastKnownFileType = sourcecode.swift; path = NotificationManager.swift; sourceTree = "<group>"; };
		E02D55762F18698E00F31467 /* PermissionsScreen.swift */ = {isa = PBXFileReference; lastKnownFileType = sourcecode.swift; path = PermissionsScreen.swift; sourceTree = "<group>"; };
		E02D55772F18698E00F31467 /* RhythmSelectionScreen.swift */ = {isa = PBXFileReference; lastKnownFileType = sourcecode.swift; path = RhythmSelectionScreen.swift; sourceTree = "<group>"; };
		E02D55782F18698E00F31467 /* WelcomeScreen.swift */ = {isa = PBXFileReference; lastKnownFileType = sourcecode.swift; path = WelcomeScreen.swift; sourceTree = "<group>"; };
		E02D557C2F18699300F31467 /* GoalSelectionScreen.swift */ = {isa = PBXFileReference; lastKnownFileType = sourcecode.swift; path = GoalSelectionScreen.swift; sourceTree = "<group>"; };
		E02D557D2F18699300F31467 /* LanguageSelectionScreen.swift */ = {isa = PBXFileReference; lastKnownFileType = sourcecode.swift; path = LanguageSelectionScreen.swift; sourceTree = "<group>"; };
		E02D557E2F18699300F31467 /* LevelSelectionScreen.swift */ = {isa = PBXFileReference; lastKnownFileType = sourcecode.swift; path = LevelSelectionScreen.swift; sourceTree = "<group>"; };
		E02D557F2F18699300F31467 /* OnboardingContainerView.swift */ = {isa = PBXFileReference; lastKnownFileType = sourcecode.swift; path = OnboardingContainerView.swift; sourceTree = "<group>"; };
		E02D55842F1869AE00F31467 /* XPGainAnimationView.swift */ = {isa = PBXFileReference; lastKnownFileType = sourcecode.swift; path = XPGainAnimationView.swift; sourceTree = "<group>"; };
		E02D55862F1869DC00F31467 /* StreakWidget.swift */ = {isa = PBXFileReference; lastKnownFileType = sourcecode.swift; path = StreakWidget.swift; sourceTree = "<group>"; };
		E02D55882F1869EE00F31467 /* AchievementsView.swift */ = {isa = PBXFileReference; lastKnownFileType = sourcecode.swift; path = AchievementsView.swift; sourceTree = "<group>"; };
		E02D558C2F186A0D00F31467 /* ProgressDashboardView.swift */ = {isa = PBXFileReference; lastKnownFileType = sourcecode.swift; path = ProgressDashboardView.swift; sourceTree = "<group>"; };
		E02D55902F186AE500F31467 /* LevelAssessmentService.swift */ = {isa = PBXFileReference; lastKnownFileType = sourcecode.swift; path = LevelAssessmentService.swift; sourceTree = "<group>"; };
		E02D55942F186B0B00F31467 /* VocabularyView_Enhanced.swift */ = {isa = PBXFileReference; lastKnownFileType = sourcecode.swift; path = VocabularyView_Enhanced.swift; sourceTree = "<group>"; };
		E02D559D2F199CA900F31467 /* VocabularyLearnedTab.swift */ = {isa = PBXFileReference; lastKnownFileType = sourcecode.swift; path = VocabularyLearnedTab.swift; sourceTree = "<group>"; };
		E02D559F2F19A44F00F31467 /* LearnedWordsManager.swift */ = {isa = PBXFileReference; lastKnownFileType = sourcecode.swift; path = LearnedWordsManager.swift; sourceTree = "<group>"; };
		E02D55A62F1A4BF200F31467 /* GoogleService-Info.plist */ = {isa = PBXFileReference; lastKnownFileType = text.plist.xml; path = "GoogleService-Info.plist"; sourceTree = "<group>"; };
		E02D55A82F1A4C1400F31467 /* Info.plist */ = {isa = PBXFileReference; lastKnownFileType = text.plist; path = Info.plist; sourceTree = "<group>"; };
		E02D55A92F1A4D2D00F31467 /* SignInWithGoogleButton.swift */ = {isa = PBXFileReference; lastKnownFileType = sourcecode.swift; path = SignInWithGoogleButton.swift; sourceTree = "<group>"; };
		E02D55AB2F1A525400F31467 /* EmojiView_Enhanced.swift */ = {isa = PBXFileReference; lastKnownFileType = sourcecode.swift; path = EmojiView_Enhanced.swift; sourceTree = "<group>"; };
		E02D55AD2F1A58DD00F31467 /* TodayContentView.swift */ = {isa = PBXFileReference; lastKnownFileType = sourcecode.swift; path = TodayContentView.swift; sourceTree = "<group>"; };
		E02D55B22F1A590900F31467 /* DailySessionService.swift */ = {isa = PBXFileReference; lastKnownFileType = sourcecode.swift; path = DailySessionService.swift; sourceTree = "<group>"; };
		E02D55B42F1A591300F31467 /* LearningPathManager.swift */ = {isa = PBXFileReference; lastKnownFileType = sourcecode.swift; path = LearningPathManager.swift; sourceTree = "<group>"; };
		E02D55B62F1A592100F31467 /* RecommendationEngine.swift */ = {isa = PBXFileReference; lastKnownFileType = sourcecode.swift; path = RecommendationEngine.swift; sourceTree = "<group>"; };
		E02D55BB2F1A5F8400F31467 /* LearningPathView.swift */ = {isa = PBXFileReference; lastKnownFileType = sourcecode.swift; path = LearningPathView.swift; sourceTree = "<group>"; };
		E02D55BE2F1A60ED00F31467 /* AdaptiveReviewSystem.swift */ = {isa = PBXFileReference; lastKnownFileType = sourcecode.swift; path = AdaptiveReviewSystem.swift; sourceTree = "<group>"; };
		E02D55C02F1A612900F31467 /* Recommendation.swift */ = {isa = PBXFileReference; lastKnownFileType = sourcecode.swift; path = Recommendation.swift; sourceTree = "<group>"; };
		E02D55C22F1A614A00F31467 /* LearningPath.swift */ = {isa = PBXFileReference; lastKnownFileType = sourcecode.swift; path = LearningPath.swift; sourceTree = "<group>"; };
		E02D55C42F1A614E00F31467 /* DailySession.swift */ = {isa = PBXFileReference; lastKnownFileType = sourcecode.swift; path = DailySession.swift; sourceTree = "<group>"; };
		E02D55C62F1A62DE00F31467 /* DashboardComponents.swift */ = {isa = PBXFileReference; lastKnownFileType = sourcecode.swift; path = DashboardComponents.swift; sourceTree = "<group>"; };
		E02D55CA2F1A636800F31467 /* AppRootView.swift */ = {isa = PBXFileReference; lastKnownFileType = sourcecode.swift; path = AppRootView.swift; sourceTree = "<group>"; };
		E02D55D92F1A63CE00F31467 /* FillInTheBlankView.swift */ = {isa = PBXFileReference; lastKnownFileType = sourcecode.swift; path = FillInTheBlankView.swift; sourceTree = "<group>"; };
		E02D55DA2F1A63CE00F31467 /* FlashcardView.swift */ = {isa = PBXFileReference; lastKnownFileType = sourcecode.swift; path = FlashcardView.swift; sourceTree = "<group>"; };
		E02D55DB2F1A63CE00F31467 /* MatchingExerciseView.swift */ = {isa = PBXFileReference; lastKnownFileType = sourcecode.swift; path = MatchingExerciseView.swift; sourceTree = "<group>"; };
		E02D55DC2F1A63CE00F31467 /* PracticeHubView.swift */ = {isa = PBXFileReference; lastKnownFileType = sourcecode.swift; path = PracticeHubView.swift; sourceTree = "<group>"; };
		E02D55DD2F1A63CE00F31467 /* ReviewSessionView.swift */ = {isa = PBXFileReference; lastKnownFileType = sourcecode.swift; path = ReviewSessionView.swift; sourceTree = "<group>"; };
		E02D55E42F1A63E300F31467 /* InsightsView.swift */ = {isa = PBXFileReference; lastKnownFileType = sourcecode.swift; path = InsightsView.swift; sourceTree = "<group>"; };
		E02D55E72F1A63F300F31467 /* QuizGameView.swift */ = {isa = PBXFileReference; lastKnownFileType = sourcecode.swift; path = QuizGameView.swift; sourceTree = "<group>"; };
		E02D55E82F1A63F300F31467 /* QuizSelectionView.swift */ = {isa = PBXFileReference; lastKnownFileType = sourcecode.swift; path = QuizSelectionView.swift; sourceTree = "<group>"; };
		E02D55EC2F1A65FD00F31467 /* AdvancedAnalyticsService.swift */ = {isa = PBXFileReference; lastKnownFileType = sourcecode.swift; path = AdvancedAnalyticsService.swift; sourceTree = "<group>"; };
		E02D55EF2F1A685C00F31467 /* Extensions.swift */ = {isa = PBXFileReference; lastKnownFileType = sourcecode.swift; path = Extensions.swift; sourceTree = "<group>"; };
		E02D55F32F1A73EF00F31467 /* ExerciseModels.swift */ = {isa = PBXFileReference; lastKnownFileType = sourcecode.swift; path = ExerciseModels.swift; sourceTree = "<group>"; };
		E02D55F52F1A740800F31467 /* QuizModels.swift */ = {isa = PBXFileReference; lastKnownFileType = sourcecode.swift; path = QuizModels.swift; sourceTree = "<group>"; };
		E02D55F72F1A7B2700F31467 /* LearningPathComponents.swift */ = {isa = PBXFileReference; lastKnownFileType = sourcecode.swift; path = LearningPathComponents.swift; sourceTree = "<group>"; };
		E02D55F92F1A999E00F31467 /* MainTabView_Legacy.swift */ = {isa = PBXFileReference; lastKnownFileType = sourcecode.swift; path = MainTabView_Legacy.swift; sourceTree = "<group>"; };
		E02D55FB2F1A99A600F31467 /* TodayContentView.swift */ = {isa = PBXFileReference; lastKnownFileType = sourcecode.swift; path = TodayContentView.swift; sourceTree = "<group>"; };
		E02D55FD2F1A9EB500F31467 /* QuizStatistics.swift */ = {isa = PBXFileReference; lastKnownFileType = sourcecode.swift; path = QuizStatistics.swift; sourceTree = "<group>"; };
		E02D55FF2F1AB31D00F31467 /* SyncDebugView.swift */ = {isa = PBXFileReference; lastKnownFileType = sourcecode.swift; path = SyncDebugView.swift; sourceTree = "<group>"; };
		E02D56022F1AB32E00F31467 /* AchievementRepository.swift */ = {isa = PBXFileReference; lastKnownFileType = sourcecode.swift; path = AchievementRepository.swift; sourceTree = "<group>"; };
		E02D56032F1AB32E00F31467 /* CloudSyncEngine.swift */ = {isa = PBXFileReference; lastKnownFileType = sourcecode.swift; path = CloudSyncEngine.swift; sourceTree = "<group>"; };
		E02D56042F1AB32E00F31467 /* ProgressRepository.swift */ = {isa = PBXFileReference; lastKnownFileType = sourcecode.swift; path = ProgressRepository.swift; sourceTree = "<group>"; };
		E02D56052F1AB32E00F31467 /* RepositoryError.swift */ = {isa = PBXFileReference; lastKnownFileType = sourcecode.swift; path = RepositoryError.swift; sourceTree = "<group>"; };
		E02D56062F1AB32E00F31467 /* VocabRepository.swift */ = {isa = PBXFileReference; lastKnownFileType = sourcecode.swift; path = VocabRepository.swift; sourceTree = "<group>"; };
		E02D560D2F1AB33900F31467 /* CacheModels.swift */ = {isa = PBXFileReference; lastKnownFileType = sourcecode.swift; path = CacheModels.swift; sourceTree = "<group>"; };
		E02D560E2F1AB33900F31467 /* FirebaseDTOs.swift */ = {isa = PBXFileReference; lastKnownFileType = sourcecode.swift; path = FirebaseDTOs.swift; sourceTree = "<group>"; };
		E02D56122F1AD51500F31467 /* GamificationSyncManager.swift */ = {isa = PBXFileReference; lastKnownFileType = sourcecode.swift; path = GamificationSyncManager.swift; sourceTree = "<group>"; };
		E02D56142F1ADD5600F31467 /* OnykrouaUI.swift */ = {isa = PBXFileReference; lastKnownFileType = sourcecode.swift; path = OnykrouaUI.swift; sourceTree = "<group>"; };
/* End PBXFileReference section */

/* Begin PBXFrameworksBuildPhase section */
		A1000008000000000000001 /* Frameworks */ = {
			isa = PBXFrameworksBuildPhase;
			buildActionMask = 2147483647;
			files = (
				E02D555F2F185F5800F31467 /* FirebaseAnalytics in Frameworks */,
				E02D55632F185F5800F31467 /* FirebaseCore in Frameworks */,
				E02D55A52F1A4A8300F31467 /* GoogleSignInSwift in Frameworks */,
				E02D55652F185F5800F31467 /* FirebaseDatabase in Frameworks */,
				E02D55982F1992DC00F31467 /* FirebaseFirestore in Frameworks */,
				E02D55612F185F5800F31467 /* FirebaseAuth in Frameworks */,
				E02D55A32F1A4A8300F31467 /* GoogleSignIn in Frameworks */,
			);
			runOnlyForDeploymentPostprocessing = 0;
		};
/* End PBXFrameworksBuildPhase section */

/* Begin PBXGroup section */
		A1000009000000000000001 = {
			isa = PBXGroup;
			children = (
				A1000010000000000000001 /* onykroua */,
				E02D55962F1992DC00F31467 /* Frameworks */,
				A1000011000000000000001 /* Products */,
			);
			sourceTree = "<group>";
		};
		A1000010000000000000001 /* onykroua */ = {
			isa = PBXGroup;
			children = (
				E02D55A82F1A4C1400F31467 /* Info.plist */,
				A1000002000000000000001 /* onykrouaApp.swift */,
				E02D55A62F1A4BF200F31467 /* GoogleService-Info.plist */,
				E02D550F2F16D88600F31467 /* vocabulary_es.json */,
				E02D54662F16B22000F31467 /* vocabulary_it.json */,
				A1000006000000000000001 /* Assets.xcassets */,
				E02D55F02F1A685C00F31467 /* Utilities */,
				E02D55242F16E25500F31467 /* Utils */,
				E02D54D32F16BFD300F31467 /* Models */,
				E02D54E32F16C41A00F31467 /* Views */,
				E02D54D72F16BFD500F31467 /* Services */,
			);
			path = onykroua;
			sourceTree = "<group>";
		};
		A1000011000000000000001 /* Products */ = {
			isa = PBXGroup;
			children = (
				A1000007000000000000001 /* onykroua.app */,
			);
			name = Products;
			sourceTree = "<group>";
		};
		E02D54D32F16BFD300F31467 /* Models */ = {
			isa = PBXGroup;
			children = (
				E02D55352F18565200F31467 /* SwiftData */,
				E02D55682F1868DB00F31467 /* Achievement.swift */,
				E02D55692F1868DB00F31467 /* CEFRLevel.swift */,
				E02D55F32F1A73EF00F31467 /* ExerciseModels.swift */,
				E02D54EF2F16C9EF00F31467 /* ConversationModels.swift */,
				E02D55C42F1A614E00F31467 /* DailySession.swift */,
				E02D54F02F16C9EF00F31467 /* EmojiModels.swift */,
				E02D54F12F16C9EF00F31467 /* FeedModels.swift */,
				E02D54F52F16CBAF00F31467 /* GrammarData.swift */,
				E02D551A2F16DB9B00F31467 /* GrammarModels.swift */,
				E02D55F52F1A740800F31467 /* QuizModels.swift */,
				E02D55C22F1A614A00F31467 /* LearningPath.swift */,
				E02D55FD2F1A9EB500F31467 /* QuizStatistics.swift */,
				E02D556E2F1868ED00F31467 /* OnboardingData.swift */,
				E02D55C02F1A612900F31467 /* Recommendation.swift */,
				E02D556C2F1868E000F31467 /* UserProgress.swift */,
				E02D55022F16D00400F31467 /* VerbData.swift */,
				E02D54D22F16BFD300F31467 /* VocabularyModels.swift */,
				E02D550B2F16D2D400F31467 /* VocabularyDataManager.swift */,
				E02D560F2F1AB33900F31467 /* CloudSync */,
			);
			path = Models;
			sourceTree = "<group>";
		};
		E02D54D72F16BFD500F31467 /* Services */ = {
			isa = PBXGroup;
			children = (
				E02D55702F18693900F31467 /* AnalyticsService.swift */,
				E02D552A2F18520700F31467 /* AppEnvironment.swift */,
				E02D55BE2F1A60ED00F31467 /* AdaptiveReviewSystem.swift */,
				E02D55EC2F1A65FD00F31467 /* AdvancedAnalyticsService.swift */,
				E02D55562F185E0600F31467 /* AppleSignInManager.swift */,
				E02D553B2F18567200F31467 /* CrashReportingService.swift */,
				E02D55B22F1A590900F31467 /* DailySessionService.swift */,
				E02D552C2F18520B00F31467 /* ErrorManager.swift */,
				E02D54ED2F16C9E200F31467 /* FeedService.swift */,
				E02D55582F185E0F00F31467 /* FirebaseManager.swift */,
				E02D55182F16DB7D00F31467 /* GrammarDataManager.swift */,
				E02D55722F18694200F31467 /* GamificationManager.swift */,
				E02D56122F1AD51500F31467 /* GamificationSyncManager.swift */,
				E02D559F2F19A44F00F31467 /* LearnedWordsManager.swift */,
				E02D55B42F1A591300F31467 /* LearningPathManager.swift */,
				E02D55902F186AE500F31467 /* LevelAssessmentService.swift */,
				E02D55742F18694B00F31467 /* NotificationManager.swift */,
				E02D553F2F1856C800F31467 /* NetworkMonitor.swift */,
				E02D553D2F18568900F31467 /* ProgressPersistenceManager.swift */,
				E02D54D52F16BFD500F31467 /* ProgressTracker.swift */,
				E02D55B62F1A592100F31467 /* RecommendationEngine.swift */,
				E02D54D62F16BFD500F31467 /* SpeechService.swift */,
				E02D55392F18566C00F31467 /* VocabularyPersistenceManager.swift */,
				E02D56072F1AB32E00F31467 /* CloudSync */,
			);
			path = Services;
			sourceTree = "<group>";
		};
		E02D54E32F16C41A00F31467 /* Views */ = {
			isa = PBXGroup;
			children = (
				E02D555B2F185E3800F31467 /* Auth */,
				E02D55282F16E4ED00F31467 /* Components */,
				E02D55B92F1A593100F31467 /* Dashboard */,
				E02D56152F1ADD5600F31467 /* DesignSystem */,
				E02D56002F1AB31D00F31467 /* Debug */,
				E02D55892F1869EE00F31467 /* Gamification */,
				E02D55BC2F1A5F8400F31467 /* LearningPath */,
				E02D55502F185C6100F31467 /* Onboarding */,
				E02D55072F16D2C800F31467 /* VocabularyTabs */,
				E02D558D2F186A0D00F31467 /* Progression */,
				E02D55DE2F1A63CE00F31467 /* Practice */,
				E02D554D2F1859AC00F31467 /* Search */,
				A1000004000000000000001 /* ContentView.swift */,
				E02D54DA2F16C41A00F31467 /* ConjugationView.swift */,
				E02D54DB2F16C41A00F31467 /* ConversationView.swift */,
				E02D55AB2F1A525400F31467 /* EmojiView_Enhanced.swift */,
				E02D54DD2F16C41A00F31467 /* FeedView.swift */,
				E02D54DE2F16C41A00F31467 /* GeminiLiveView.swift */,
				E02D54DF2F16C41A00F31467 /* GrammarView.swift */,
				E02D55CA2F1A636800F31467 /* AppRootView.swift */,
				E02D55F92F1A999E00F31467 /* MainTabView_Legacy.swift */,
				E02D55AD2F1A58DD00F31467 /* TodayContentView.swift */,
				E02D54E02F16C41A00F31467 /* PhoneticView.swift */,
				E02D54E12F16C41A00F31467 /* ProfileView.swift */,
				E02D55FB2F1A99A600F31467 /* TodayContentView.swift */,
				E02D55942F186B0B00F31467 /* VocabularyView_Enhanced.swift */,
				E02D55E52F1A63E300F31467 /* Analytics */,
				E02D55E92F1A63F300F31467 /* Quiz */,
			);
			path = Views;
			sourceTree = "<group>";
		};
		E02D55072F16D2C800F31467 /* VocabularyTabs */ = {
			isa = PBXGroup;
			children = (
				E02D55042F16D2C800F31467 /* CategoriesTab.swift */,
				E02D55052F16D2C800F31467 /* DictionaryTab.swift */,
				E02D559D2F199CA900F31467 /* VocabularyLearnedTab.swift */,
				E02D550D2F16D43600F31467 /* VocabularyPracticeTab.swift */,
			);
			path = VocabularyTabs;
			sourceTree = "<group>";
		};
		E02D55242F16E25500F31467 /* Utils */ = {
			isa = PBXGroup;
			children = (
				E02D55222F16E25500F31467 /* Constants.swift */,
			);
			path = Utils;
			sourceTree = "<group>";
		};
		E02D55282F16E4ED00F31467 /* Components */ = {
			isa = PBXGroup;
			children = (
				E02D55862F1869DC00F31467 /* StreakWidget.swift */,
				E02D55452F18597200F31467 /* EmptyStateView.swift */,
				E02D552E2F18521400F31467 /* ErrorView.swift */,
				E02D55302F18521800F31467 /* LoadingScreen.swift */,
				E02D55472F18597C00F31467 /* NetworkStatusViews.swift */,
				E02D55272F16E4ED00F31467 /* SharedComponents.swift */,
				E02D55432F1857F700F31467 /* SyncStatusView.swift */,
				E02D55842F1869AE00F31467 /* XPGainAnimationView.swift */,
			);
			path = Components;
			sourceTree = "<group>";
		};
		E02D55352F18565200F31467 /* SwiftData */ = {
			isa = PBXGroup;
			children = (
				E02D55322F18565200F31467 /* GrammarRule+Model.swift */,
				E02D55332F18565200F31467 /* UserProgress+Model.swift */,
				E02D55342F18565200F31467 /* VocabularyWord+Model.swift */,
			);
			path = SwiftData;
			sourceTree = "<group>";
		};
		E02D554D2F1859AC00F31467 /* Search */ = {
			isa = PBXGroup;
			children = (
				E02D554C2F1859AC00F31467 /* AdvancedSearchView.swift */,
			);
			path = Search;
			sourceTree = "<group>";
		};
		E02D55502F185C6100F31467 /* Onboarding */ = {
			isa = PBXGroup;
			children = (
				E02D557C2F18699300F31467 /* GoalSelectionScreen.swift */,
				E02D557D2F18699300F31467 /* LanguageSelectionScreen.swift */,
				E02D557E2F18699300F31467 /* LevelSelectionScreen.swift */,
				E02D557F2F18699300F31467 /* OnboardingContainerView.swift */,
				E02D55522F185CDF00F31467 /* OnboardingView.swift */,
				E02D55762F18698E00F31467 /* PermissionsScreen.swift */,
				E02D55772F18698E00F31467 /* RhythmSelectionScreen.swift */,
				E02D55782F18698E00F31467 /* WelcomeScreen.swift */,
			);
			path = Onboarding;
			sourceTree = "<group>";
		};
		E02D555B2F185E3800F31467 /* Auth */ = {
			isa = PBXGroup;
			children = (
				E02D55662F18635F00F31467 /* EmailSignInView.swift */,
				E02D55A92F1A4D2D00F31467 /* SignInWithGoogleButton.swift */,
				E02D555A2F185E3800F31467 /* LoginView.swift */,
			);
			path = Auth;
			sourceTree = "<group>";
		};
		E02D55892F1869EE00F31467 /* Gamification */ = {
			isa = PBXGroup;
			children = (
				E02D55882F1869EE00F31467 /* AchievementsView.swift */,
			);
			path = Gamification;
			sourceTree = "<group>";
		};
		E02D558D2F186A0D00F31467 /* Progression */ = {
			isa = PBXGroup;
			children = (
				E02D558C2F186A0D00F31467 /* ProgressDashboardView.swift */,
			);
			path = Progression;
			sourceTree = "<group>";
		};
		E02D55962F1992DC00F31467 /* Frameworks */ = {
			isa = PBXGroup;
			children = (
			);
			name = Frameworks;
			sourceTree = "<group>";
		};
		E02D55B92F1A593100F31467 /* Dashboard */ = {
			isa = PBXGroup;
			children = (
				E02D55C62F1A62DE00F31467 /* DashboardComponents.swift */,
			);
			path = Dashboard;
			sourceTree = "<group>";
		};
		E02D55BC2F1A5F8400F31467 /* LearningPath */ = {
			isa = PBXGroup;
			children = (
				E02D55F72F1A7B2700F31467 /* LearningPathComponents.swift */,
				E02D55BB2F1A5F8400F31467 /* LearningPathView.swift */,
			);
			path = LearningPath;
			sourceTree = "<group>";
		};
		E02D55DE2F1A63CE00F31467 /* Practice */ = {
			isa = PBXGroup;
			children = (
				E02D55D92F1A63CE00F31467 /* FillInTheBlankView.swift */,
				E02D55DA2F1A63CE00F31467 /* FlashcardView.swift */,
				E02D55DB2F1A63CE00F31467 /* MatchingExerciseView.swift */,
				E02D55DC2F1A63CE00F31467 /* PracticeHubView.swift */,
				E02D55DD2F1A63CE00F31467 /* ReviewSessionView.swift */,
			);
			path = Practice;
			sourceTree = "<group>";
		};
		E02D55E52F1A63E300F31467 /* Analytics */ = {
			isa = PBXGroup;
			children = (
				E02D55E42F1A63E300F31467 /* InsightsView.swift */,
			);
			path = Analytics;
			sourceTree = "<group>";
		};
		E02D55E92F1A63F300F31467 /* Quiz */ = {
			isa = PBXGroup;
			children = (
				E02D55E72F1A63F300F31467 /* QuizGameView.swift */,
				E02D55E82F1A63F300F31467 /* QuizSelectionView.swift */,
			);
			path = Quiz;
			sourceTree = "<group>";
		};
		E02D55F02F1A685C00F31467 /* Utilities */ = {
			isa = PBXGroup;
			children = (
				E02D55EF2F1A685C00F31467 /* Extensions.swift */,
			);
			path = Utilities;
			sourceTree = "<group>";
		};
		E02D56002F1AB31D00F31467 /* Debug */ = {
			isa = PBXGroup;
			children = (
				E02D55FF2F1AB31D00F31467 /* SyncDebugView.swift */,
			);
			path = Debug;
			sourceTree = "<group>";
		};
		E02D56072F1AB32E00F31467 /* CloudSync */ = {
			isa = PBXGroup;
			children = (
				E02D56022F1AB32E00F31467 /* AchievementRepository.swift */,
				E02D56032F1AB32E00F31467 /* CloudSyncEngine.swift */,
				E02D56042F1AB32E00F31467 /* ProgressRepository.swift */,
				E02D56052F1AB32E00F31467 /* RepositoryError.swift */,
				E02D56062F1AB32E00F31467 /* VocabRepository.swift */,
			);
			path = CloudSync;
			sourceTree = "<group>";
		};
		E02D560F2F1AB33900F31467 /* CloudSync */ = {
			isa = PBXGroup;
			children = (
				E02D560D2F1AB33900F31467 /* CacheModels.swift */,
				E02D560E2F1AB33900F31467 /* FirebaseDTOs.swift */,
			);
			path = CloudSync;
			sourceTree = "<group>";
		};
		E02D56152F1ADD5600F31467 /* DesignSystem */ = {
			isa = PBXGroup;
			children = (
				E02D56142F1ADD5600F31467 /* OnykrouaUI.swift */,
			);
			path = DesignSystem;
			sourceTree = "<group>";
		};
/* End PBXGroup section */

/* Begin PBXNativeTarget section */
		A1000012000000000000001 /* onykroua */ = {
			isa = PBXNativeTarget;
			buildConfigurationList = A1000013000000000000001 /* Build configuration list for PBXNativeTarget "onykroua" */;
			buildPhases = (
				A1000014000000000000001 /* Sources */,
				A1000008000000000000001 /* Frameworks */,
				A1000015000000000000001 /* Resources */,
			);
			buildRules = (
			);
			dependencies = (
			);
			name = onykroua;
			productName = onykroua;
			productReference = A1000007000000000000001 /* onykroua.app */;
			productType = "com.apple.product-type.application";
		};
/* End PBXNativeTarget section */

/* Begin PBXProject section */
		A1000016000000000000001 /* Project object */ = {
			isa = PBXProject;
			attributes = {
				BuildIndependentTargetsInParallel = 1;
				LastSwiftUpdateCheck = 1500;
				LastUpgradeCheck = 2620;
				TargetAttributes = {
					A1000012000000000000001 = {
						CreatedOnToolsVersion = 15.0;
					};
				};
			};
			buildConfigurationList = A1000017000000000000001 /* Build configuration list for PBXProject "onykroua" */;
			compatibilityVersion = "Xcode 14.0";
			developmentRegion = en;
			hasScannedForEncodings = 0;
			knownRegions = (
				en,
				Base,
			);
			mainGroup = A1000009000000000000001;
			packageReferences = (
				E02D555D2F185F5800F31467 /* XCRemoteSwiftPackageReference "firebase-ios-sdk" */,
				E02D55A12F1A4A8300F31467 /* XCRemoteSwiftPackageReference "GoogleSignIn-iOS" */,
			);
			productRefGroup = A1000011000000000000001 /* Products */;
			projectDirPath = "";
			projectRoot = "";
			targets = (
				A1000012000000000000001 /* onykroua */,
			);
		};
/* End PBXProject section */

/* Begin PBXResourcesBuildPhase section */
		A1000015000000000000001 /* Resources */ = {
			isa = PBXResourcesBuildPhase;
			buildActionMask = 2147483647;
			files = (
				A1000005000000000000001 /* Assets.xcassets in Resources */,
				E02D55A72F1A4BF200F31467 /* GoogleService-Info.plist in Resources */,
				E02D54672F16B22000F31467 /* vocabulary_it.json in Resources */,
				E02D55102F16D88600F31467 /* vocabulary_es.json in Resources */,
			);
			runOnlyForDeploymentPostprocessing = 0;
		};
/* End PBXResourcesBuildPhase section */

/* Begin PBXSourcesBuildPhase section */
		A1000014000000000000001 /* Sources */ = {
			isa = PBXSourcesBuildPhase;
			buildActionMask = 2147483647;
			files = (
				E02D55ED2F1A65FD00F31467 /* AdvancedAnalyticsService.swift in Sources */,
				A1000003000000000000001 /* ContentView.swift in Sources */,
				E02D55402F1856C800F31467 /* NetworkMonitor.swift in Sources */,
				E02D54E42F16C41A00F31467 /* ConversationView.swift in Sources */,
				E02D54F62F16CBAF00F31467 /* GrammarData.swift in Sources */,
				E02D55032F16D00400F31467 /* VerbData.swift in Sources */,
				E02D552B2F18520700F31467 /* AppEnvironment.swift in Sources */,
				E02D54E62F16C41A00F31467 /* GrammarView.swift in Sources */,
				E02D54E72F16C41A00F31467 /* GeminiLiveView.swift in Sources */,
				E02D55672F18635F00F31467 /* EmailSignInView.swift in Sources */,
				E02D55C32F1A614A00F31467 /* LearningPath.swift in Sources */,
				E02D54E82F16C41A00F31467 /* ProfileView.swift in Sources */,
				E02D54E92F16C41A00F31467 /* FeedView.swift in Sources */,
				E02D55262F16E25500F31467 /* Constants.swift in Sources */,
				E02D54EA2F16C41A00F31467 /* ConjugationView.swift in Sources */,
				E02D553E2F18568900F31467 /* ProgressPersistenceManager.swift in Sources */,
				E02D55FE2F1A9EB500F31467 /* QuizStatistics.swift in Sources */,
				E02D55952F186B0B00F31467 /* VocabularyView_Enhanced.swift in Sources */,
				E02D55482F18597C00F31467 /* NetworkStatusViews.swift in Sources */,
				E02D54EB2F16C41A00F31467 /* PhoneticView.swift in Sources */,
				E02D54F22F16C9EF00F31467 /* ConversationModels.swift in Sources */,
				E02D552F2F18521400F31467 /* ErrorView.swift in Sources */,
				E02D556D2F1868E000F31467 /* UserProgress.swift in Sources */,
				E02D55802F18699300F31467 /* OnboardingContainerView.swift in Sources */,
				E02D55912F186AE500F31467 /* LevelAssessmentService.swift in Sources */,
				E02D55812F18699300F31467 /* GoalSelectionScreen.swift in Sources */,
				E02D55822F18699300F31467 /* LanguageSelectionScreen.swift in Sources */,
				E02D55832F18699300F31467 /* LevelSelectionScreen.swift in Sources */,
				E02D56012F1AB31D00F31467 /* SyncDebugView.swift in Sources */,
				E02D55FC2F1A99A600F31467 /* TodayContentView.swift in Sources */,
				E02D552D2F18520B00F31467 /* ErrorManager.swift in Sources */,
				E02D55F12F1A685C00F31467 /* Extensions.swift in Sources */,
				E02D55092F16D2C800F31467 /* DictionaryTab.swift in Sources */,
				E02D55A02F19A44F00F31467 /* LearnedWordsManager.swift in Sources */,
				E02D550A2F16D2C800F31467 /* CategoriesTab.swift in Sources */,
				E02D55AA2F1A4D2D00F31467 /* SignInWithGoogleButton.swift in Sources */,
				E02D55792F18698E00F31467 /* WelcomeScreen.swift in Sources */,
				E02D557A2F18698E00F31467 /* PermissionsScreen.swift in Sources */,
				E02D55C52F1A614E00F31467 /* DailySession.swift in Sources */,
				E02D557B2F18698E00F31467 /* RhythmSelectionScreen.swift in Sources */,
				E02D54F32F16C9EF00F31467 /* FeedModels.swift in Sources */,
				E02D55192F16DB7D00F31467 /* GrammarDataManager.swift in Sources */,
				E02D553A2F18566C00F31467 /* VocabularyPersistenceManager.swift in Sources */,
				E02D55F62F1A740800F31467 /* QuizModels.swift in Sources */,
				E02D558E2F186A0D00F31467 /* ProgressDashboardView.swift in Sources */,
				E02D55BD2F1A5F8400F31467 /* LearningPathView.swift in Sources */,
				E02D556A2F1868DB00F31467 /* CEFRLevel.swift in Sources */,
				E02D556B2F1868DB00F31467 /* Achievement.swift in Sources */,
				E02D55292F16E4ED00F31467 /* SharedComponents.swift in Sources */,
				E02D55752F18694B00F31467 /* NotificationManager.swift in Sources */,
				E02D55CB2F1A636800F31467 /* AppRootView.swift in Sources */,
				E02D55362F18565200F31467 /* VocabularyWord+Model.swift in Sources */,
				E02D55442F1857F700F31467 /* SyncStatusView.swift in Sources */,
				E02D55AE2F1A58DD00F31467 /* TodayContentView.swift in Sources */,
				E02D55372F18565200F31467 /* UserProgress+Model.swift in Sources */,
				E02D553C2F18567200F31467 /* CrashReportingService.swift in Sources */,
				E02D55382F18565200F31467 /* GrammarRule+Model.swift in Sources */,
				E02D550C2F16D2D400F31467 /* VocabularyDataManager.swift in Sources */,
				E02D550E2F16D43600F31467 /* VocabularyPracticeTab.swift in Sources */,
				E02D554E2F1859AC00F31467 /* AdvancedSearchView.swift in Sources */,
				E02D55B72F1A592100F31467 /* RecommendationEngine.swift in Sources */,
				E02D56132F1AD51500F31467 /* GamificationSyncManager.swift in Sources */,
				E02D55572F185E0600F31467 /* AppleSignInManager.swift in Sources */,
				E02D559E2F199CA900F31467 /* VocabularyLearnedTab.swift in Sources */,
				E02D556F2F1868ED00F31467 /* OnboardingData.swift in Sources */,
				E02D55532F185CDF00F31467 /* OnboardingView.swift in Sources */,
				E02D55872F1869DC00F31467 /* StreakWidget.swift in Sources */,
				E02D55852F1869AE00F31467 /* XPGainAnimationView.swift in Sources */,
				E02D55712F18693900F31467 /* AnalyticsService.swift in Sources */,
				E02D55EA2F1A63F400F31467 /* QuizSelectionView.swift in Sources */,
				E02D55EB2F1A63F400F31467 /* QuizGameView.swift in Sources */,
				E02D55462F18597200F31467 /* EmptyStateView.swift in Sources */,
				E02D55592F185E0F00F31467 /* FirebaseManager.swift in Sources */,
				E02D55DF2F1A63CE00F31467 /* FillInTheBlankView.swift in Sources */,
				E02D55E02F1A63CE00F31467 /* FlashcardView.swift in Sources */,
				E02D55E12F1A63CE00F31467 /* MatchingExerciseView.swift in Sources */,
				E02D55E22F1A63CE00F31467 /* PracticeHubView.swift in Sources */,
				E02D55E32F1A63CE00F31467 /* ReviewSessionView.swift in Sources */,
				E02D54F42F16C9EF00F31467 /* EmojiModels.swift in Sources */,
				E02D55F82F1A7B2700F31467 /* LearningPathComponents.swift in Sources */,
				E02D55C12F1A612900F31467 /* Recommendation.swift in Sources */,
				E02D551B2F16DB9B00F31467 /* GrammarModels.swift in Sources */,
				E02D56082F1AB32E00F31467 /* RepositoryError.swift in Sources */,
				E02D56092F1AB32E00F31467 /* AchievementRepository.swift in Sources */,
				E02D560A2F1AB32E00F31467 /* CloudSyncEngine.swift in Sources */,
				E02D560B2F1AB32E00F31467 /* ProgressRepository.swift in Sources */,
				E02D560C2F1AB32E00F31467 /* VocabRepository.swift in Sources */,
				A1000001000000000000001 /* onykrouaApp.swift in Sources */,
				E02D55C72F1A62DE00F31467 /* DashboardComponents.swift in Sources */,
				E02D56162F1ADD5600F31467 /* OnykrouaUI.swift in Sources */,
				E02D56102F1AB33900F31467 /* CacheModels.swift in Sources */,
				E02D56112F1AB33900F31467 /* FirebaseDTOs.swift in Sources */,
				E02D558A2F1869EE00F31467 /* AchievementsView.swift in Sources */,
				E02D54D42F16BFD300F31467 /* VocabularyModels.swift in Sources */,
				E02D55BF2F1A60ED00F31467 /* AdaptiveReviewSystem.swift in Sources */,
				E02D55732F18694200F31467 /* GamificationManager.swift in Sources */,
				E02D55E62F1A63E300F31467 /* InsightsView.swift in Sources */,
				E02D55312F18521800F31467 /* LoadingScreen.swift in Sources */,
				E02D54D82F16BFD500F31467 /* ProgressTracker.swift in Sources */,
				E02D55F42F1A73EF00F31467 /* ExerciseModels.swift in Sources */,
				E02D555C2F185E3800F31467 /* LoginView.swift in Sources */,
				E02D55B32F1A590900F31467 /* DailySessionService.swift in Sources */,
				E02D54D92F16BFD500F31467 /* SpeechService.swift in Sources */,
				E02D54EE2F16C9E200F31467 /* FeedService.swift in Sources */,
				E02D55B52F1A591300F31467 /* LearningPathManager.swift in Sources */,
				E02D55FA2F1A999E00F31467 /* MainTabView_Legacy.swift in Sources */,
				E02D55AC2F1A525400F31467 /* EmojiView_Enhanced.swift in Sources */,
			);
			runOnlyForDeploymentPostprocessing = 0;
		};
/* End PBXSourcesBuildPhase section */

/* Begin XCBuildConfiguration section */
		A1000018000000000000001 /* Debug */ = {
			isa = XCBuildConfiguration;
			buildSettings = {
				ALWAYS_SEARCH_USER_PATHS = NO;
				ASSETCATALOG_COMPILER_GENERATE_SWIFT_ASSET_SYMBOL_EXTENSIONS = YES;
				CLANG_ANALYZER_NONNULL = YES;
				CLANG_ANALYZER_NUMBER_OBJECT_CONVERSION = YES_AGGRESSIVE;
				CLANG_CXX_LANGUAGE_STANDARD = "gnu++20";
				CLANG_ENABLE_MODULES = YES;
				CLANG_ENABLE_OBJC_ARC = YES;
				CLANG_ENABLE_OBJC_WEAK = YES;
				CLANG_WARN_BLOCK_CAPTURE_AUTORELEASING = YES;
				CLANG_WARN_BOOL_CONVERSION = YES;
				CLANG_WARN_COMMA = YES;
				CLANG_WARN_CONSTANT_CONVERSION = YES;
				CLANG_WARN_DEPRECATED_OBJC_IMPLEMENTATIONS = YES;
				CLANG_WARN_DIRECT_OBJC_ISA_USAGE = YES_ERROR;
				CLANG_WARN_DOCUMENTATION_COMMENTS = YES;
				CLANG_WARN_EMPTY_BODY = YES;
				CLANG_WARN_ENUM_CONVERSION = YES;
				CLANG_WARN_INFINITE_RECURSION = YES;
				CLANG_WARN_INT_CONVERSION = YES;
				CLANG_WARN_NON_LITERAL_NULL_CONVERSION = YES;
				CLANG_WARN_OBJC_IMPLICIT_RETAIN_SELF = YES;
				CLANG_WARN_OBJC_LITERAL_CONVERSION = YES;
				CLANG_WARN_OBJC_ROOT_CLASS = YES_ERROR;
				CLANG_WARN_QUOTED_INCLUDE_IN_FRAMEWORK_HEADER = YES;
				CLANG_WARN_RANGE_LOOP_ANALYSIS = YES;
				CLANG_WARN_STRICT_PROTOTYPES = YES;
				CLANG_WARN_SUSPICIOUS_MOVE = YES;
				CLANG_WARN_UNGUARDED_AVAILABILITY = YES_AGGRESSIVE;
				CLANG_WARN_UNREACHABLE_CODE = YES;
				CLANG_WARN__DUPLICATE_METHOD_MATCH = YES;
				COPY_PHASE_STRIP = NO;
				DEBUG_INFORMATION_FORMAT = dwarf;
				DEVELOPMENT_TEAM = N668CK695Q;
				ENABLE_STRICT_OBJC_MSGSEND = YES;
				ENABLE_TESTABILITY = YES;
				ENABLE_USER_SCRIPT_SANDBOXING = YES;
				GCC_C_LANGUAGE_STANDARD = gnu17;
				GCC_DYNAMIC_NO_PIC = NO;
				GCC_NO_COMMON_BLOCKS = YES;
				GCC_OPTIMIZATION_LEVEL = 0;
				GCC_PREPROCESSOR_DEFINITIONS = (
					"DEBUG=1",
					"$(inherited)",
				);
				GCC_WARN_64_TO_32_BIT_CONVERSION = YES;
				GCC_WARN_ABOUT_RETURN_TYPE = YES_ERROR;
				GCC_WARN_UNDECLARED_SELECTOR = YES;
				GCC_WARN_UNINITIALIZED_AUTOS = YES_AGGRESSIVE;
				GCC_WARN_UNUSED_FUNCTION = YES;
				GCC_WARN_UNUSED_VARIABLE = YES;
				IPHONEOS_DEPLOYMENT_TARGET = 17.0;
				LOCALIZATION_PREFERS_STRING_CATALOGS = YES;
				MTL_ENABLE_DEBUG_INFO = INCLUDE_SOURCE;
				MTL_FAST_MATH = YES;
				ONLY_ACTIVE_ARCH = YES;
				SDKROOT = iphoneos;
				STRING_CATALOG_GENERATE_SYMBOLS = YES;
				SWIFT_ACTIVE_COMPILATION_CONDITIONS = "DEBUG $(inherited)";
				SWIFT_OPTIMIZATION_LEVEL = "-Onone";
			};
			name = Debug;
		};
		A1000019000000000000001 /* Release */ = {
			isa = XCBuildConfiguration;
			buildSettings = {
				ALWAYS_SEARCH_USER_PATHS = NO;
				ASSETCATALOG_COMPILER_GENERATE_SWIFT_ASSET_SYMBOL_EXTENSIONS = YES;
				CLANG_ANALYZER_NONNULL = YES;
				CLANG_ANALYZER_NUMBER_OBJECT_CONVERSION = YES_AGGRESSIVE;
				CLANG_CXX_LANGUAGE_STANDARD = "gnu++20";
				CLANG_ENABLE_MODULES = YES;
				CLANG_ENABLE_OBJC_ARC = YES;
				CLANG_ENABLE_OBJC_WEAK = YES;
				CLANG_WARN_BLOCK_CAPTURE_AUTORELEASING = YES;
				CLANG_WARN_BOOL_CONVERSION = YES;
				CLANG_WARN_COMMA = YES;
				CLANG_WARN_CONSTANT_CONVERSION = YES;
				CLANG_WARN_DEPRECATED_OBJC_IMPLEMENTATIONS = YES;
				CLANG_WARN_DIRECT_OBJC_ISA_USAGE = YES_ERROR;
				CLANG_WARN_DOCUMENTATION_COMMENTS = YES;
				CLANG_WARN_EMPTY_BODY = YES;
				CLANG_WARN_ENUM_CONVERSION = YES;
				CLANG_WARN_INFINITE_RECURSION = YES;
				CLANG_WARN_INT_CONVERSION = YES;
				CLANG_WARN_NON_LITERAL_NULL_CONVERSION = YES;
				CLANG_WARN_OBJC_IMPLICIT_RETAIN_SELF = YES;
				CLANG_WARN_OBJC_LITERAL_CONVERSION = YES;
				CLANG_WARN_OBJC_ROOT_CLASS = YES_ERROR;
				CLANG_WARN_QUOTED_INCLUDE_IN_FRAMEWORK_HEADER = YES;
				CLANG_WARN_RANGE_LOOP_ANALYSIS = YES;
				CLANG_WARN_STRICT_PROTOTYPES = YES;
				CLANG_WARN_SUSPICIOUS_MOVE = YES;
				CLANG_WARN_UNGUARDED_AVAILABILITY = YES_AGGRESSIVE;
				CLANG_WARN_UNREACHABLE_CODE = YES;
				CLANG_WARN__DUPLICATE_METHOD_MATCH = YES;
				COPY_PHASE_STRIP = NO;
				DEBUG_INFORMATION_FORMAT = "dwarf-with-dsym";
				DEVELOPMENT_TEAM = N668CK695Q;
				ENABLE_NS_ASSERTIONS = NO;
				ENABLE_STRICT_OBJC_MSGSEND = YES;
				ENABLE_USER_SCRIPT_SANDBOXING = YES;
				GCC_C_LANGUAGE_STANDARD = gnu17;
				GCC_NO_COMMON_BLOCKS = YES;
				GCC_WARN_64_TO_32_BIT_CONVERSION = YES;
				GCC_WARN_ABOUT_RETURN_TYPE = YES_ERROR;
				GCC_WARN_UNDECLARED_SELECTOR = YES;
				GCC_WARN_UNINITIALIZED_AUTOS = YES_AGGRESSIVE;
				GCC_WARN_UNUSED_FUNCTION = YES;
				GCC_WARN_UNUSED_VARIABLE = YES;
				IPHONEOS_DEPLOYMENT_TARGET = 17.0;
				LOCALIZATION_PREFERS_STRING_CATALOGS = YES;
				MTL_ENABLE_DEBUG_INFO = NO;
				MTL_FAST_MATH = YES;
				SDKROOT = iphoneos;
				STRING_CATALOG_GENERATE_SYMBOLS = YES;
				SWIFT_COMPILATION_MODE = wholemodule;
				VALIDATE_PRODUCT = YES;
			};
			name = Release;
		};
		A1000020000000000000001 /* Debug */ = {
			isa = XCBuildConfiguration;
			buildSettings = {
				ASSETCATALOG_COMPILER_APPICON_NAME = AppIcon;
				ASSETCATALOG_COMPILER_GLOBAL_ACCENT_COLOR_NAME = AccentColor;
				CODE_SIGN_STYLE = Automatic;
				CURRENT_PROJECT_VERSION = 1;
				DEVELOPMENT_ASSET_PATHS = "";
				ENABLE_PREVIEWS = YES;
				GENERATE_INFOPLIST_FILE = YES;
				INFOPLIST_FILE = onykroua/Info.plist;
				INFOPLIST_KEY_UIApplicationSceneManifest_Generation = YES;
				INFOPLIST_KEY_UIApplicationSupportsIndirectInputEvents = YES;
				INFOPLIST_KEY_UILaunchScreen_Generation = YES;
				INFOPLIST_KEY_UISupportedInterfaceOrientations_iPad = "UIInterfaceOrientationPortrait UIInterfaceOrientationPortraitUpsideDown UIInterfaceOrientationLandscapeLeft UIInterfaceOrientationLandscapeRight";
				INFOPLIST_KEY_UISupportedInterfaceOrientations_iPhone = "UIInterfaceOrientationPortrait UIInterfaceOrientationLandscapeLeft UIInterfaceOrientationLandscapeRight";
				LD_RUNPATH_SEARCH_PATHS = (
					"$(inherited)",
					"@executable_path/Frameworks",
				);
				MARKETING_VERSION = 1.0;
				PRODUCT_BUNDLE_IDENTIFIER = com.onykroua.app;
				PRODUCT_NAME = "$(TARGET_NAME)";
				SWIFT_EMIT_LOC_STRINGS = YES;
				SWIFT_VERSION = 5.0;
				TARGETED_DEVICE_FAMILY = "1,2";
			};
			name = Debug;
		};
		A1000021000000000000001 /* Release */ = {
			isa = XCBuildConfiguration;
			buildSettings = {
				ASSETCATALOG_COMPILER_APPICON_NAME = AppIcon;
				ASSETCATALOG_COMPILER_GLOBAL_ACCENT_COLOR_NAME = AccentColor;
				CODE_SIGN_STYLE = Automatic;
				CURRENT_PROJECT_VERSION = 1;
				DEVELOPMENT_ASSET_PATHS = "";
				ENABLE_PREVIEWS = YES;
				GENERATE_INFOPLIST_FILE = YES;
				INFOPLIST_FILE = onykroua/Info.plist;
				INFOPLIST_KEY_UIApplicationSceneManifest_Generation = YES;
				INFOPLIST_KEY_UIApplicationSupportsIndirectInputEvents = YES;
				INFOPLIST_KEY_UILaunchScreen_Generation = YES;
				INFOPLIST_KEY_UISupportedInterfaceOrientations_iPad = "UIInterfaceOrientationPortrait UIInterfaceOrientationPortraitUpsideDown UIInterfaceOrientationLandscapeLeft UIInterfaceOrientationLandscapeRight";
				INFOPLIST_KEY_UISupportedInterfaceOrientations_iPhone = "UIInterfaceOrientationPortrait UIInterfaceOrientationLandscapeLeft UIInterfaceOrientationLandscapeRight";
				LD_RUNPATH_SEARCH_PATHS = (
					"$(inherited)",
					"@executable_path/Frameworks",
				);
				MARKETING_VERSION = 1.0;
				PRODUCT_BUNDLE_IDENTIFIER = com.onykroua.app;
				PRODUCT_NAME = "$(TARGET_NAME)";
				SWIFT_EMIT_LOC_STRINGS = YES;
				SWIFT_VERSION = 5.0;
				TARGETED_DEVICE_FAMILY = "1,2";
			};
			name = Release;
		};
/* End XCBuildConfiguration section */

/* Begin XCConfigurationList section */
		A1000013000000000000001 /* Build configuration list for PBXNativeTarget "onykroua" */ = {
			isa = XCConfigurationList;
			buildConfigurations = (
				A1000020000000000000001 /* Debug */,
				A1000021000000000000001 /* Release */,
			);
			defaultConfigurationIsVisible = 0;
			defaultConfigurationName = Release;
		};
		A1000017000000000000001 /* Build configuration list for PBXProject "onykroua" */ = {
			isa = XCConfigurationList;
			buildConfigurations = (
				A1000018000000000000001 /* Debug */,
				A1000019000000000000001 /* Release */,
			);
			defaultConfigurationIsVisible = 0;
			defaultConfigurationName = Release;
		};
/* End XCConfigurationList section */

/* Begin XCRemoteSwiftPackageReference section */
		E02D555D2F185F5800F31467 /* XCRemoteSwiftPackageReference "firebase-ios-sdk" */ = {
			isa = XCRemoteSwiftPackageReference;
			repositoryURL = "https://github.com/firebase/firebase-ios-sdk";
			requirement = {
				kind = upToNextMajorVersion;
				minimumVersion = 12.8.0;
			};
		};
		E02D55A12F1A4A8300F31467 /* XCRemoteSwiftPackageReference "GoogleSignIn-iOS" */ = {
			isa = XCRemoteSwiftPackageReference;
			repositoryURL = "https://github.com/google/GoogleSignIn-iOS";
			requirement = {
				kind = upToNextMajorVersion;
				minimumVersion = 9.1.0;
			};
		};
/* End XCRemoteSwiftPackageReference section */

/* Begin XCSwiftPackageProductDependency section */
		E02D555E2F185F5800F31467 /* FirebaseAnalytics */ = {
			isa = XCSwiftPackageProductDependency;
			package = E02D555D2F185F5800F31467 /* XCRemoteSwiftPackageReference "firebase-ios-sdk" */;
			productName = FirebaseAnalytics;
		};
		E02D55602F185F5800F31467 /* FirebaseAuth */ = {
			isa = XCSwiftPackageProductDependency;
			package = E02D555D2F185F5800F31467 /* XCRemoteSwiftPackageReference "firebase-ios-sdk" */;
			productName = FirebaseAuth;
		};
		E02D55622F185F5800F31467 /* FirebaseCore */ = {
			isa = XCSwiftPackageProductDependency;
			package = E02D555D2F185F5800F31467 /* XCRemoteSwiftPackageReference "firebase-ios-sdk" */;
			productName = FirebaseCore;
		};
		E02D55642F185F5800F31467 /* FirebaseDatabase */ = {
			isa = XCSwiftPackageProductDependency;
			package = E02D555D2F185F5800F31467 /* XCRemoteSwiftPackageReference "firebase-ios-sdk" */;
			productName = FirebaseDatabase;
		};
		E02D55972F1992DC00F31467 /* FirebaseFirestore */ = {
			isa = XCSwiftPackageProductDependency;
			package = E02D555D2F185F5800F31467 /* XCRemoteSwiftPackageReference "firebase-ios-sdk" */;
			productName = FirebaseFirestore;
		};
		E02D55A22F1A4A8300F31467 /* GoogleSignIn */ = {
			isa = XCSwiftPackageProductDependency;
			package = E02D55A12F1A4A8300F31467 /* XCRemoteSwiftPackageReference "GoogleSignIn-iOS" */;
			productName = GoogleSignIn;
		};
		E02D55A42F1A4A8300F31467 /* GoogleSignInSwift */ = {
			isa = XCSwiftPackageProductDependency;
			package = E02D55A12F1A4A8300F31467 /* XCRemoteSwiftPackageReference "GoogleSignIn-iOS" */;
			productName = GoogleSignInSwift;
		};
/* End XCSwiftPackageProductDependency section */
	};
	rootObject = A1000016000000000000001 /* Project object */;
}
